<?xml version="1.0" encoding="utf-8"?>
<Project ToolsVersion="4.0" xmlns="http://schemas.microsoft.com/developer/msbuild/2003">
  <ItemGroup>
    <Filter Include="Source Files">
      <UniqueIdentifier>{4FC737F1-C7A5-4376-A066-2A32D752A2FF}</UniqueIdentifier>
      <Extensions>cpp;c;cc;cxx;def;odl;idl;hpj;bat;asm;asmx</Extensions>
    </Filter>
    <Filter Include="Header Files">
      <UniqueIdentifier>{93995380-89BD-4b04-88EB-625FBE52EBFB}</UniqueIdentifier>
      <Extensions>h;hpp;hxx;hm;inl;inc;xsd</Extensions>
    </Filter>
    <Filter Include="Resource Files">
      <UniqueIdentifier>{67DA6AB6-F800-4c08-8B7A-83BB121AAD01}</UniqueIdentifier>
      <Extensions>rc;ico;cur;bmp;dlg;rc2;rct;bin;rgs;gif;jpg;jpeg;jpe;resx;tiff;tif;png;wav;mfcribbon-ms</Extensions>
    </Filter>
    <Filter Include="Source Files\Main">
      <UniqueIdentifier>{adc6260e-7000-4688-9be8-d001fb1d3540}</UniqueIdentifier>
    </Filter>
    <Filter Include="Source Files\Model">
      <UniqueIdentifier>{bdf4650d-5d79-4a45-8f02-23d3766451b7}</UniqueIdentifier>
    </Filter>
    <Filter Include="Source Files\View">
      <UniqueIdentifier>{128c500c-faff-4688-859d-6ccce191e930}</UniqueIdentifier>
    </Filter>
    <Filter Include="Source Files\Controller">
      <UniqueIdentifier>{d0c2abea-4ffd-4ad3-838e-01122a2a4eba}</UniqueIdentifier>
    </Filter>
    <Filter Include="Source Files\Helper">
      <UniqueIdentifier>{383322d9-2b50-40fc-aae7-5de7a060350f}</UniqueIdentifier>
    </Filter>
    <Filter Include="Header Files\Main">
      <UniqueIdentifier>{f20ed5e7-c2b9-476f-aa22-80f50f6543b7}</UniqueIdentifier>
    </Filter>
    <Filter Include="Header Files\Controller">
      <UniqueIdentifier>{5250fe70-de46-4d1b-95ae-929716e7d67a}</UniqueIdentifier>
    </Filter>
    <Filter Include="Header Files\View">
      <UniqueIdentifier>{0eb53c1d-ce8b-4860-8f3e-5ec133c818fc}</UniqueIdentifier>
    </Filter>
    <Filter Include="Header Files\Helper">
      <UniqueIdentifier>{c840ca7c-a372-4f2b-9303-d9ed5475b080}</UniqueIdentifier>
    </Filter>
    <Filter Include="Source Files\Model\Entity">
      <UniqueIdentifier>{f7295384-109d-4821-9399-eae776c694dc}</UniqueIdentifier>
    </Filter>
    <Filter Include="Source Files\Model\GameState">
      <UniqueIdentifier>{e93a9f76-4a81-4201-bc87-81ecf97ce84c}</UniqueIdentifier>
    </Filter>
    <Filter Include="Source Files\Model\Container">
      <UniqueIdentifier>{cba41278-beeb-41d5-a37b-1a5d073554c4}</UniqueIdentifier>
    </Filter>
    <Filter Include="Source Files\Model\Container\Action">
      <UniqueIdentifier>{2322b7c4-b167-4e97-8e37-016fcb33e5e5}</UniqueIdentifier>
    </Filter>
    <Filter Include="Source Files\Model\Container\Entity">
      <UniqueIdentifier>{7121e705-884e-4ed6-b9c0-fa27b1e71192}</UniqueIdentifier>
    </Filter>
    <Filter Include="Header Files\Model">
      <UniqueIdentifier>{b26bc471-f2e1-4332-a8a1-073a0de2e275}</UniqueIdentifier>
    </Filter>
    <Filter Include="Header Files\Model\Entity">
      <UniqueIdentifier>{2f1dc3b9-f3ca-4675-9c90-bda368bc2a00}</UniqueIdentifier>
    </Filter>
    <Filter Include="Header Files\Model\GameState">
      <UniqueIdentifier>{a9a7d415-def3-4751-8149-ddc8aecb45c1}</UniqueIdentifier>
    </Filter>
    <Filter Include="Header Files\Model\Container">
      <UniqueIdentifier>{b7925510-69d6-4bf3-807e-1d7601e0641e}</UniqueIdentifier>
    </Filter>
    <Filter Include="Header Files\Model\Container\Entity">
      <UniqueIdentifier>{f2069a62-88ca-43b1-8f5e-744792bb1e02}</UniqueIdentifier>
    </Filter>
    <Filter Include="Header Files\Model\Container\Action">
      <UniqueIdentifier>{54191da4-0698-409e-9ff2-9d0b73348b23}</UniqueIdentifier>
    </Filter>
    <Filter Include="Header Files\Model\Entity\Behaviour">
      <UniqueIdentifier>{88ee9c46-ab23-4645-acf7-c7244baaf062}</UniqueIdentifier>
    </Filter>
    <Filter Include="Source Files\Model\Entity\Behaviour">
      <UniqueIdentifier>{c23db13e-3987-4200-841e-0c722b6bf752}</UniqueIdentifier>
    </Filter>
    <Filter Include="Source Files\Model\Container\Tile">
      <UniqueIdentifier>{0b5bd2ae-4d0b-44bb-8038-82aae156ecd5}</UniqueIdentifier>
    </Filter>
    <Filter Include="Header Files\Model\Container\Tile">
      <UniqueIdentifier>{ddd9e1dc-147b-4b55-af41-a0b18b490747}</UniqueIdentifier>
    </Filter>
    <Filter Include="Source Files\Model\Item">
      <UniqueIdentifier>{097e5ade-cb4e-4841-9a10-36e47053f69c}</UniqueIdentifier>
    </Filter>
    <Filter Include="Header Files\Model\Item">
      <UniqueIdentifier>{e778ff3d-ea2e-4688-a957-eb24b2bef58a}</UniqueIdentifier>
    </Filter>
    <Filter Include="Header Files\Model\Entity\Items">
      <UniqueIdentifier>{17aec08f-41aa-4534-b019-097c25e25923}</UniqueIdentifier>
    </Filter>
    <Filter Include="Source Files\Model\Entity\Items">
      <UniqueIdentifier>{509ba93d-2b43-4b63-9033-f85328f65185}</UniqueIdentifier>
    </Filter>
    <Filter Include="Source Files\Model\Entity\Static objects">
      <UniqueIdentifier>{5d2ac97f-5936-43ca-bc5c-21c90b324f75}</UniqueIdentifier>
    </Filter>
    <Filter Include="Source Files\Model\Entity\Interactive objects">
      <UniqueIdentifier>{bd8f883e-e17e-40b0-9f26-50ed011c1969}</UniqueIdentifier>
    </Filter>
    <Filter Include="Header Files\Model\Entity\Static objects">
      <UniqueIdentifier>{3c6593c0-39ef-41a3-9efa-4f4da12f426a}</UniqueIdentifier>
    </Filter>
    <Filter Include="Header Files\Model\Entity\Interactive objects">
      <UniqueIdentifier>{c554fe2a-4530-460b-924e-19bcf4eb40a7}</UniqueIdentifier>
    </Filter>
    <Filter Include="Source Files\Model\Entity\NPC%27s">
      <UniqueIdentifier>{28cb73eb-818c-45e9-a6c0-500822a6f071}</UniqueIdentifier>
    </Filter>
    <Filter Include="Header Files\Model\Entity\NPC%27s">
      <UniqueIdentifier>{7bd64597-9c5e-44ed-81f8-42b1e5754d12}</UniqueIdentifier>
    </Filter>
    <Filter Include="Header Files\View\Screens">
      <UniqueIdentifier>{e7234566-2a6c-4cfc-9839-3cc8a425edf2}</UniqueIdentifier>
    </Filter>
    <Filter Include="Header Files\View\Screens\PauseScreens">
      <UniqueIdentifier>{2a950ad5-ee96-41ad-8440-bfe5fd53a722}</UniqueIdentifier>
    </Filter>
    <Filter Include="Header Files\View\Screens\MenuScreens">
      <UniqueIdentifier>{cd7e6ff4-8b99-441d-bd16-0722ed1571f3}</UniqueIdentifier>
    </Filter>
    <Filter Include="Source Files\View\Screens">
      <UniqueIdentifier>{240494a1-cc3d-4b1b-bc55-bda91dfa09fa}</UniqueIdentifier>
    </Filter>
    <Filter Include="Source Files\View\Screens\MenuScreens">
      <UniqueIdentifier>{351fda18-f582-4eae-a8fe-aaedb514cc08}</UniqueIdentifier>
    </Filter>
    <Filter Include="Source Files\View\Screens\PauseScreens">
      <UniqueIdentifier>{50d971a9-0485-4fa9-ba36-2b3e281a6378}</UniqueIdentifier>
    </Filter>
    <Filter Include="Source Files\Model\Timer">
      <UniqueIdentifier>{776605e2-4b2b-48c9-a5b9-4fac22932242}</UniqueIdentifier>
    </Filter>
    <Filter Include="Header Files\Model\Timer">
      <UniqueIdentifier>{e7c0fa02-296a-4ec0-8cd3-1155d1e50f29}</UniqueIdentifier>
    </Filter>
    <Filter Include="Source Files\Model\Factory">
      <UniqueIdentifier>{39248f75-6861-4d17-8d78-1955ad095746}</UniqueIdentifier>
    </Filter>
    <Filter Include="Header Files\Model\Factory">
      <UniqueIdentifier>{bd6820f2-d31b-42aa-ac19-f8645c583fbf}</UniqueIdentifier>
    </Filter>
    <Filter Include="Header Files\Model\Enums">
      <UniqueIdentifier>{6db163ab-45a0-4f3d-a487-4c28f818c436}</UniqueIdentifier>
    </Filter>
    <Filter Include="Source Files\View\Screens\HelpScreens">
      <UniqueIdentifier>{1fd427ce-914c-4fed-9885-30a0bacbaec7}</UniqueIdentifier>
    </Filter>
    <Filter Include="Header Files\View\Screens\HelpScreens">
      <UniqueIdentifier>{3bb98897-63c3-46cb-bd32-c3fc3e7b4f59}</UniqueIdentifier>
    </Filter>
    <Filter Include="Source Files\Model\Entity\State">
      <UniqueIdentifier>{9695dea4-1587-48c2-9a80-fac36483921b}</UniqueIdentifier>
    </Filter>
    <Filter Include="Header Files\Model\Entity\State">
      <UniqueIdentifier>{f5537442-f4e0-4aba-a448-2a2aaba7e893}</UniqueIdentifier>
    </Filter>
    <Filter Include="Source Files\Model\ParticleEngine">
      <UniqueIdentifier>{a40204b8-ba6b-467c-9d4c-edcaf1a4ba0d}</UniqueIdentifier>
    </Filter>
    <Filter Include="Header Files\Model\ParticleEngine">
      <UniqueIdentifier>{cab1ee3d-7dd8-4f6d-a4a1-cbb6bead61b9}</UniqueIdentifier>
    </Filter>
  </ItemGroup>
  <ItemGroup>
    <ClCompile Include="Main.cpp">
      <Filter>Source Files\Main</Filter>
    </ClCompile>
    <ClCompile Include="Game.cpp">
      <Filter>Source Files\Model</Filter>
    </ClCompile>
    <ClCompile Include="Entity.cpp">
      <Filter>Source Files\Model\Entity</Filter>
    </ClCompile>
    <ClCompile Include="Player.cpp">
      <Filter>Source Files\Model\Entity</Filter>
    </ClCompile>
    <ClCompile Include="NPC.cpp">
      <Filter>Source Files\Model\Entity</Filter>
    </ClCompile>
    <ClCompile Include="GameStateManager.cpp">
      <Filter>Source Files\Model\GameState</Filter>
    </ClCompile>
    <ClCompile Include="IGameState.cpp">
      <Filter>Source Files\Model\GameState</Filter>
    </ClCompile>
    <ClCompile Include="MenuState.cpp">
      <Filter>Source Files\Model\GameState</Filter>
    </ClCompile>
    <ClCompile Include="PlayState.cpp">
      <Filter>Source Files\Model\GameState</Filter>
    </ClCompile>
    <ClCompile Include="SDLInitializer.cpp">
      <Filter>Source Files\View</Filter>
    </ClCompile>
    <ClCompile Include="MapLoader.cpp">
      <Filter>Source Files\Controller</Filter>
    </ClCompile>
    <ClCompile Include="ActionContainer.cpp">
      <Filter>Source Files\Model\Container\Action</Filter>
    </ClCompile>
    <ClCompile Include="IEntityContainer.cpp">
      <Filter>Source Files\Model\Container\Entity</Filter>
    </ClCompile>
    <ClCompile Include="MainEntityContainer.cpp">
      <Filter>Source Files\Model\Container\Entity</Filter>
    </ClCompile>
    <ClCompile Include="IAction.cpp">
      <Filter>Source Files\Model\Container\Action</Filter>
    </ClCompile>
    <ClCompile Include="ClickAction.cpp">
      <Filter>Source Files\Model\Container\Action</Filter>
    </ClCompile>
    <ClCompile Include="MoveAction.cpp">
      <Filter>Source Files\Model\Container\Action</Filter>
    </ClCompile>
    <ClCompile Include="EnumDirection.cpp">
      <Filter>Source Files\Model\Container\Action</Filter>
    </ClCompile>
    <ClCompile Include="ImageLoader.cpp">
      <Filter>Source Files\Model</Filter>
    </ClCompile>
    <ClCompile Include="Image.cpp">
      <Filter>Source Files\Model</Filter>
    </ClCompile>
    <ClCompile Include="Rabbit.cpp">
      <Filter>Source Files\Model\Entity\NPC%27s</Filter>
    </ClCompile>
    <ClCompile Include="Spawnpoint.cpp">
      <Filter>Source Files\Model\Entity</Filter>
    </ClCompile>
    <ClCompile Include="DrawableEntity.cpp">
      <Filter>Source Files\Model\Entity</Filter>
    </ClCompile>
    <ClCompile Include="DrawableContainer.cpp">
      <Filter>Source Files\Model\Container\Entity</Filter>
    </ClCompile>
    <ClCompile Include="Camera.cpp">
      <Filter>Source Files\View</Filter>
    </ClCompile>
    <ClCompile Include="CollidableContainer.cpp">
      <Filter>Source Files\Model\Container\Entity</Filter>
    </ClCompile>
    <ClCompile Include="PauseState.cpp">
      <Filter>Source Files\Model\GameState</Filter>
    </ClCompile>
    <ClCompile Include="SoundLoader.cpp">
      <Filter>Source Files\Controller</Filter>
    </ClCompile>
    <ClCompile Include="BackgroundContainer.cpp">
      <Filter>Source Files\Model\Container\Tile</Filter>
    </ClCompile>
    <ClCompile Include="CollidableEntity.cpp">
      <Filter>Source Files\Model\Entity</Filter>
    </ClCompile>
    <ClCompile Include="GameOverState.cpp">
      <Filter>Source Files\Model\GameState</Filter>
    </ClCompile>
    <ClCompile Include="EntityChunkContainer.cpp">
      <Filter>Source Files\Model\Container\Entity</Filter>
    </ClCompile>
    <ClCompile Include="SoundLoader.cpp">
      <Filter>Source Files\Model</Filter>
    </ClCompile>
    <ClCompile Include="InteractableEntity.cpp">
      <Filter>Source Files\Model\Entity</Filter>
    </ClCompile>
    <ClCompile Include="InteractableContainer.cpp">
      <Filter>Source Files\Model\Container\Entity</Filter>
    </ClCompile>
    <ClCompile Include="Inventory.cpp">
      <Filter>Source Files\Model\Item</Filter>
    </ClCompile>
    <ClCompile Include="Item.cpp">
      <Filter>Source Files\Model\Item</Filter>
    </ClCompile>
    <ClCompile Include="ItemCarrot.cpp">
      <Filter>Source Files\Model\Item</Filter>
    </ClCompile>
    <ClCompile Include="ItemRock.cpp">
      <Filter>Source Files\Model\Item</Filter>
    </ClCompile>
    <ClCompile Include="ItemWood.cpp">
      <Filter>Source Files\Model\Item</Filter>
    </ClCompile>
    <ClCompile Include="RespawnContainer.cpp">
      <Filter>Source Files\Model\Container\Entity</Filter>
    </ClCompile>
    <ClCompile Include="LoadingState.cpp">
      <Filter>Source Files\Model\GameState</Filter>
    </ClCompile>
    <ClCompile Include="Carrot.cpp">
      <Filter>Source Files\Model\Entity\Interactive objects</Filter>
    </ClCompile>
    <ClCompile Include="Tree.cpp">
      <Filter>Source Files\Model\Entity\Interactive objects</Filter>
    </ClCompile>
    <ClCompile Include="Rock.cpp">
      <Filter>Source Files\Model\Entity\Interactive objects</Filter>
    </ClCompile>
    <ClCompile Include="Tile.cpp">
      <Filter>Source Files\Model\Entity\Static objects</Filter>
    </ClCompile>
    <ClCompile Include="CollidableTile.cpp">
      <Filter>Source Files\Model\Entity\Static objects</Filter>
    </ClCompile>
    <ClCompile Include="Pillar.cpp">
      <Filter>Source Files\Model\Entity\Static objects</Filter>
    </ClCompile>
    <ClCompile Include="RuinStatue.cpp">
      <Filter>Source Files\Model\Entity\Static objects</Filter>
    </ClCompile>
    <ClCompile Include="AppleTree.cpp">
      <Filter>Source Files\Model\Entity\Interactive objects</Filter>
    </ClCompile>
    <ClCompile Include="Tool.cpp">
      <Filter>Source Files\Model\Item</Filter>
    </ClCompile>
    <ClCompile Include="ToolAxe.cpp">
      <Filter>Source Files\Model\Item</Filter>
    </ClCompile>
    <ClCompile Include="Consumable.cpp">
      <Filter>Source Files\Model\Item</Filter>
    </ClCompile>
    <ClCompile Include="Equipable.cpp">
      <Filter>Source Files\Model\Item</Filter>
    </ClCompile>
    <ClCompile Include="ToolPickaxe.cpp">
      <Filter>Source Files\Model\Item</Filter>
    </ClCompile>
    <ClCompile Include="Axe.cpp">
      <Filter>Source Files\Model\Entity\Items</Filter>
    </ClCompile>
    <ClCompile Include="Pickaxe.cpp">
      <Filter>Source Files\Model\Entity\Items</Filter>
    </ClCompile>
    <ClCompile Include="Wasp.cpp">
      <Filter>Source Files\Model\Entity\NPC%27s</Filter>
    </ClCompile>
    <ClCompile Include="MovableContainer.cpp">
      <Filter>Source Files\Model\Container\Entity</Filter>
    </ClCompile>
    <ClCompile Include="MovableEntity.cpp">
      <Filter>Source Files\Model\Entity</Filter>
    </ClCompile>
    <ClCompile Include="StatusTracker.cpp">
      <Filter>Source Files\Model</Filter>
    </ClCompile>
    <ClCompile Include="Achievement.cpp">
      <Filter>Source Files\Model</Filter>
    </ClCompile>
    <ClCompile Include="Tree.cpp">
      <Filter>Source Files\Model\Entity\Interactive objects</Filter>
    </ClCompile>
    <ClCompile Include="Rock.cpp">
      <Filter>Source Files\Model\Entity\Interactive objects</Filter>
    </ClCompile>
    <ClCompile Include="PauseMainScreen.cpp">
      <Filter>Source Files\View\Screens\PauseScreens</Filter>
    </ClCompile>
    <ClCompile Include="PauseStatusTrackerScreen.cpp">
      <Filter>Source Files\View\Screens\PauseScreens</Filter>
    </ClCompile>
    <ClCompile Include="SpawnpointContainer.cpp">
      <Filter>Source Files\Model\Container\Entity</Filter>
    </ClCompile>
    <ClCompile Include="ItemFish.cpp">
      <Filter>Source Files\Model\Item</Filter>
    </ClCompile>
    <ClCompile Include="Fish.cpp">
      <Filter>Source Files\Model\Entity\Interactive objects</Filter>
    </ClCompile>
    <ClCompile Include="Bat.cpp">
      <Filter>Source Files\Model\Entity\NPC%27s</Filter>
    </ClCompile>
    <ClCompile Include="ItemApple.cpp">
      <Filter>Source Files\Model\Item</Filter>
    </ClCompile>
    <ClCompile Include="ItemGold.cpp">
      <Filter>Source Files\Model\Item</Filter>
    </ClCompile>
    <ClCompile Include="ItemWater.cpp">
      <Filter>Source Files\Model\Item</Filter>
    </ClCompile>
    <ClCompile Include="Cactus.cpp">
      <Filter>Source Files\Model\Entity\Static objects</Filter>
    </ClCompile>
    <ClCompile Include="EasterHead.cpp">
      <Filter>Source Files\Model\Entity\Static objects</Filter>
    </ClCompile>
    <ClCompile Include="GoldRock.cpp">
      <Filter>Source Files\Model\Entity\Interactive objects</Filter>
    </ClCompile>
    <ClCompile Include="RockSpikes.cpp">
      <Filter>Source Files\Model\Entity\Static objects</Filter>
    </ClCompile>
    <ClCompile Include="Ice.cpp">
      <Filter>Source Files\Model\Entity\Interactive objects</Filter>
    </ClCompile>
    <ClCompile Include="InteractableCactus.cpp">
      <Filter>Source Files\Model\Entity\Interactive objects</Filter>
    </ClCompile>
    <ClCompile Include="BaseScreen.cpp">
      <Filter>Source Files\View\Screens</Filter>
    </ClCompile>
    <ClCompile Include="MenuMainScreen.cpp">
      <Filter>Source Files\View\Screens\MenuScreens</Filter>
    </ClCompile>
    <ClCompile Include="MenuCreditsScreen.cpp">
      <Filter>Source Files\View\Screens\MenuScreens</Filter>
    </ClCompile>
    <ClCompile Include="BaseButton.cpp">
      <Filter>Source Files\Controller</Filter>
    </ClCompile>
    <ClCompile Include="ToolFlint.cpp">
      <Filter>Source Files\Model\Item</Filter>
    </ClCompile>
    <ClCompile Include="ItemCampfire.cpp">
      <Filter>Source Files\Model\Item</Filter>
    </ClCompile>
    <ClCompile Include="GameTimer.cpp">
      <Filter>Source Files\Model\Timer</Filter>
    </ClCompile>
    <ClCompile Include="Crafting.cpp">
      <Filter>Source Files\Model\Item</Filter>
    </ClCompile>
    <ClCompile Include="Weapon.cpp">
      <Filter>Source Files\Model\Item</Filter>
    </ClCompile>
    <ClCompile Include="WeaponSpear.cpp">
      <Filter>Source Files\Model\Item</Filter>
    </ClCompile>
    <ClCompile Include="Campfire.cpp">
      <Filter>Source Files\Model\Entity\Static objects</Filter>
    </ClCompile>
    <ClCompile Include="AnimatingContainer.cpp">
      <Filter>Source Files\Model\Container\Entity</Filter>
    </ClCompile>
    <ClCompile Include="AnimatingEntity.cpp">
      <Filter>Source Files\Model\Entity</Filter>
    </ClCompile>
    <ClCompile Include="DestroyContainer.cpp">
      <Filter>Source Files\Model\Container\Entity</Filter>
    </ClCompile>
    <ClCompile Include="ItemFactory.cpp">
      <Filter>Source Files\Model\Factory</Filter>
    </ClCompile>
    <ClCompile Include="NPCFactory.cpp">
      <Filter>Source Files\Model\Factory</Filter>
    </ClCompile>
    <ClCompile Include="ObjectFactory.cpp">
      <Filter>Source Files\Model\Factory</Filter>
    </ClCompile>
    <ClCompile Include="Wolf.cpp">
      <Filter>Source Files\Model\Entity\NPC%27s</Filter>
    </ClCompile>
    <ClCompile Include="LightEntity.cpp">
      <Filter>Source Files\Model\Entity</Filter>
    </ClCompile>
    <ClCompile Include="LightContainer.cpp">
      <Filter>Source Files\Model\Container\Entity</Filter>
    </ClCompile>
    <ClCompile Include="NightLayer.cpp">
      <Filter>Source Files\View</Filter>
    </ClCompile>
    <ClCompile Include="Particle.cpp">
      <Filter>Source Files\Model\ParticleEngine</Filter>
    </ClCompile>
    <ClCompile Include="ParticleEngine.cpp">
      <Filter>Source Files\Model\ParticleEngine</Filter>
    </ClCompile>
    <ClCompile Include="TreePine.cpp">
      <Filter>Source Files\Model\Entity\Interactive objects</Filter>
    </ClCompile>
    <ClCompile Include="TreeRound.cpp">
      <Filter>Source Files\Model\Entity\Interactive objects</Filter>
    </ClCompile>
    <ClCompile Include="IceSpikes.cpp">
      <Filter>Source Files\Model\Entity\Interactive objects</Filter>
    </ClCompile>
    <ClCompile Include="IceRock.cpp">
      <Filter>Source Files\Model\Entity\Interactive objects</Filter>
    </ClCompile>
    <ClCompile Include="InteractableCactusBig.cpp">
      <Filter>Source Files\Model\Entity\Interactive objects</Filter>
    </ClCompile>
    <ClCompile Include="InteractableCactusSmall.cpp">
      <Filter>Source Files\Model\Entity\Interactive objects</Filter>
    </ClCompile>
    <ClCompile Include="SnowTree.cpp">
      <Filter>Source Files\Model\Entity\Static objects</Filter>
    </ClCompile>
    <ClCompile Include="MenuHelpScreen.cpp">
      <Filter>Source Files\View\Screens\MenuScreens</Filter>
    </ClCompile>
    <ClCompile Include="BaseHelpScreen.cpp">
      <Filter>Source Files\View\Screens\HelpScreens</Filter>
    </ClCompile>
    <ClCompile Include="GameSaver.cpp">
      <Filter>Source Files\Model</Filter>
    </ClCompile>
    <ClCompile Include="ToolGoldenAxe.cpp">
      <Filter>Source Files\Model\Item</Filter>
    </ClCompile>
    <ClCompile Include="ToolGoldenPickaxe.cpp">
      <Filter>Source Files\Model\Item</Filter>
    </ClCompile>
    <ClCompile Include="Scorpion.cpp">
      <Filter>Source Files\Model\Entity\NPC%27s</Filter>
    </ClCompile>
    <ClCompile Include="ItemMeat.cpp">
      <Filter>Source Files\Model\Item</Filter>
    </ClCompile>
    <ClCompile Include="WanderAround.cpp">
      <Filter>Source Files\Model\Entity\State</Filter>
    </ClCompile>
    <ClCompile Include="AggressiveState.cpp">
      <Filter>Source Files\Model\Entity\State</Filter>
    </ClCompile>
    <ClCompile Include="BaseBehaviour.cpp">
      <Filter>Source Files\Model\Entity\Behaviour</Filter>
    </ClCompile>
    <ClCompile Include="AggressiveBehaviour.cpp">
      <Filter>Source Files\Model\Entity\Behaviour</Filter>
    </ClCompile>
    <ClCompile Include="DefensiveBehaviour.cpp">
      <Filter>Source Files\Model\Entity\Behaviour</Filter>
    </ClCompile>
    <ClCompile Include="EvasiveBehaviour.cpp">
      <Filter>Source Files\Model\Entity\Behaviour</Filter>
    </ClCompile>
    <ClCompile Include="AttackingNPC.cpp">
      <Filter>Source Files</Filter>
    </ClCompile>
    <ClCompile Include="FleeingState.cpp">
      <Filter>Source Files\Model\Entity\State</Filter>
    </ClCompile>
  </ItemGroup>
  <ItemGroup>
    <ClInclude Include="header_loader.h">
      <Filter>Header Files\Main</Filter>
    </ClInclude>
    <ClInclude Include="Game.h">
      <Filter>Header Files\Model</Filter>
    </ClInclude>
    <ClInclude Include="Entity.h">
      <Filter>Header Files\Model\Entity</Filter>
    </ClInclude>
    <ClInclude Include="Player.h">
      <Filter>Header Files\Model\Entity</Filter>
    </ClInclude>
    <ClInclude Include="NPC.h">
      <Filter>Header Files\Model\Entity</Filter>
    </ClInclude>
    <ClInclude Include="GameStateManager.h">
      <Filter>Header Files\Model\GameState</Filter>
    </ClInclude>
    <ClInclude Include="IGameState.h">
      <Filter>Header Files\Model\GameState</Filter>
    </ClInclude>
    <ClInclude Include="MenuState.h">
      <Filter>Header Files\Model\GameState</Filter>
    </ClInclude>
    <ClInclude Include="PlayState.h">
      <Filter>Header Files\Model\GameState</Filter>
    </ClInclude>
    <ClInclude Include="SDLInitializer.h">
      <Filter>Header Files\View</Filter>
    </ClInclude>
    <ClInclude Include="MapLoader.h">
      <Filter>Header Files\Controller</Filter>
    </ClInclude>
    <ClInclude Include="ActionContainer.h">
      <Filter>Header Files\Model\Container\Action</Filter>
    </ClInclude>
    <ClInclude Include="IEntityContainer.h">
      <Filter>Header Files\Model\Container\Entity</Filter>
    </ClInclude>
    <ClInclude Include="MainEntityContainer.h">
      <Filter>Header Files\Model\Container\Entity</Filter>
    </ClInclude>
    <ClInclude Include="IAction.h">
      <Filter>Header Files\Model\Container\Action</Filter>
    </ClInclude>
    <ClInclude Include="ClickAction.h">
      <Filter>Header Files\Model\Container\Action</Filter>
    </ClInclude>
    <ClInclude Include="MoveAction.h">
      <Filter>Header Files\Model\Container\Action</Filter>
    </ClInclude>
    <ClInclude Include="IBehaviour.h">
      <Filter>Header Files\Model\Entity\Behaviour</Filter>
    </ClInclude>
    <ClInclude Include="ImageLoader.h">
      <Filter>Header Files\Model</Filter>
    </ClInclude>
    <ClInclude Include="Image.h">
      <Filter>Header Files\Model</Filter>
    </ClInclude>
    <ClInclude Include="Rabbit.h">
      <Filter>Header Files\Model\Entity\NPC%27s</Filter>
    </ClInclude>
    <ClInclude Include="Spawnpoint.h">
      <Filter>Header Files\Model\Entity</Filter>
    </ClInclude>
    <ClInclude Include="DrawableEntity.h">
      <Filter>Header Files\Model\Entity</Filter>
    </ClInclude>
    <ClInclude Include="DrawableContainer.h">
      <Filter>Header Files\Model\Container\Entity</Filter>
    </ClInclude>
    <ClInclude Include="Camera.h">
      <Filter>Header Files\View</Filter>
    </ClInclude>
    <ClInclude Include="CollidableContainer.h">
      <Filter>Header Files\Model\Container\Entity</Filter>
    </ClInclude>
    <ClInclude Include="PauseState.h">
      <Filter>Header Files\Model\GameState</Filter>
    </ClInclude>
    <ClInclude Include="SoundLoader.h">
      <Filter>Header Files\Controller</Filter>
    </ClInclude>
    <ClInclude Include="BackgroundContainer.h">
      <Filter>Header Files\Model\Container\Tile</Filter>
    </ClInclude>
    <ClInclude Include="CollidableEntity.h">
      <Filter>Header Files\Model\Entity</Filter>
    </ClInclude>
    <ClInclude Include="GameOverState.h">
      <Filter>Header Files\Model\GameState</Filter>
    </ClInclude>
    <ClInclude Include="EntityChunkContainer.h">
      <Filter>Header Files\Model\Container\Entity</Filter>
    </ClInclude>
    <ClInclude Include="SoundLoader.h">
      <Filter>Header Files\Model</Filter>
    </ClInclude>
    <ClInclude Include="InteractableEntity.h">
      <Filter>Header Files\Model\Entity</Filter>
    </ClInclude>
    <ClInclude Include="InteractableContainer.h">
      <Filter>Header Files\Model\Container\Entity</Filter>
    </ClInclude>
    <ClInclude Include="Inventory.h">
      <Filter>Header Files\Model\Item</Filter>
    </ClInclude>
    <ClInclude Include="Item.h">
      <Filter>Header Files\Model\Item</Filter>
    </ClInclude>
    <ClInclude Include="ItemCarrot.h">
      <Filter>Header Files\Model\Item</Filter>
    </ClInclude>
    <ClInclude Include="ItemRock.h">
      <Filter>Header Files\Model\Item</Filter>
    </ClInclude>
    <ClInclude Include="ItemWood.h">
      <Filter>Header Files\Model\Item</Filter>
    </ClInclude>
    <ClInclude Include="RespawnContainer.h">
      <Filter>Header Files\Model\Container\Entity</Filter>
    </ClInclude>
    <ClInclude Include="LoadingState.h">
      <Filter>Header Files\Model\GameState</Filter>
    </ClInclude>
    <ClInclude Include="Tree.h">
      <Filter>Header Files\Model\Entity\Interactive objects</Filter>
    </ClInclude>
    <ClInclude Include="Rock.h">
      <Filter>Header Files\Model\Entity\Interactive objects</Filter>
    </ClInclude>
    <ClInclude Include="Carrot.h">
      <Filter>Header Files\Model\Entity\Interactive objects</Filter>
    </ClInclude>
    <ClInclude Include="Tile.h">
      <Filter>Header Files\Model\Entity\Static objects</Filter>
    </ClInclude>
    <ClInclude Include="CollidableTile.h">
      <Filter>Header Files\Model\Entity\Static objects</Filter>
    </ClInclude>
    <ClInclude Include="Pillar.h">
      <Filter>Header Files\Model\Entity\Static objects</Filter>
    </ClInclude>
    <ClInclude Include="RuinStatue.h">
      <Filter>Header Files\Model\Entity\Static objects</Filter>
    </ClInclude>
    <ClInclude Include="AppleTree.h">
      <Filter>Header Files\Model\Entity\Interactive objects</Filter>
    </ClInclude>
    <ClInclude Include="Tool.h">
      <Filter>Header Files\Model\Item</Filter>
    </ClInclude>
    <ClInclude Include="ToolAxe.h">
      <Filter>Header Files\Model\Item</Filter>
    </ClInclude>
    <ClInclude Include="Consumable.h">
      <Filter>Header Files\Model\Item</Filter>
    </ClInclude>
    <ClInclude Include="Equipable.h">
      <Filter>Header Files\Model\Item</Filter>
    </ClInclude>
    <ClInclude Include="ToolPickaxe.h">
      <Filter>Header Files\Model\Item</Filter>
    </ClInclude>
    <ClInclude Include="Axe.h">
      <Filter>Header Files\Model\Entity\Items</Filter>
    </ClInclude>
    <ClInclude Include="Pickaxe.h">
      <Filter>Header Files\Model\Entity\Items</Filter>
    </ClInclude>
    <ClInclude Include="Wasp.h">
      <Filter>Header Files\Model\Entity\NPC%27s</Filter>
    </ClInclude>
    <ClInclude Include="MovableContainer.h">
      <Filter>Header Files\Model\Container\Entity</Filter>
    </ClInclude>
    <ClInclude Include="MovableEntity.h">
      <Filter>Header Files\Model\Entity</Filter>
    </ClInclude>
    <ClInclude Include="StatusTracker.h">
      <Filter>Header Files\Model</Filter>
    </ClInclude>
    <ClInclude Include="Achievement.h">
      <Filter>Header Files\Model</Filter>
    </ClInclude>
    <ClInclude Include="Rock.h">
      <Filter>Header Files\Model\Entity\Interactive objects</Filter>
    </ClInclude>
    <ClInclude Include="Tree.h">
      <Filter>Header Files\Model\Entity\Interactive objects</Filter>
    </ClInclude>
    <ClInclude Include="PauseMainScreen.h">
      <Filter>Header Files\View\Screens\PauseScreens</Filter>
    </ClInclude>
    <ClInclude Include="PauseStatusTrackerScreen.h">
      <Filter>Header Files\View\Screens\PauseScreens</Filter>
    </ClInclude>
    <ClInclude Include="SpawnpointContainer.h">
      <Filter>Header Files\Model\Container\Entity</Filter>
    </ClInclude>
    <ClInclude Include="ItemFish.h">
      <Filter>Header Files\Model\Item</Filter>
    </ClInclude>
    <ClInclude Include="Fish.h">
      <Filter>Header Files\Model\Entity\Interactive objects</Filter>
    </ClInclude>
    <ClInclude Include="Bat.h">
      <Filter>Header Files\Model\Entity\NPC%27s</Filter>
    </ClInclude>
    <ClInclude Include="ItemApple.h">
      <Filter>Header Files\Model\Item</Filter>
    </ClInclude>
    <ClInclude Include="ItemGold.h">
      <Filter>Header Files\Model\Item</Filter>
    </ClInclude>
    <ClInclude Include="ItemWater.h">
      <Filter>Header Files\Model\Item</Filter>
    </ClInclude>
    <ClInclude Include="Cactus.h">
      <Filter>Header Files\Model\Entity\Static objects</Filter>
    </ClInclude>
    <ClInclude Include="EasterHead.h">
      <Filter>Header Files\Model\Entity\Static objects</Filter>
    </ClInclude>
    <ClInclude Include="GoldRock.h">
      <Filter>Header Files\Model\Entity\Interactive objects</Filter>
    </ClInclude>
    <ClInclude Include="RockSpikes.h">
      <Filter>Header Files\Model\Entity\Static objects</Filter>
    </ClInclude>
    <ClInclude Include="Ice.h">
      <Filter>Header Files\Model\Entity\Interactive objects</Filter>
    </ClInclude>
    <ClInclude Include="InteractableCactus.h">
      <Filter>Header Files\Model\Entity\Interactive objects</Filter>
    </ClInclude>
    <ClInclude Include="BaseScreen.h">
      <Filter>Header Files\View\Screens</Filter>
    </ClInclude>
    <ClInclude Include="MenuMainScreen.h">
      <Filter>Header Files\View\Screens\MenuScreens</Filter>
    </ClInclude>
    <ClInclude Include="MenuCreditsScreen.h">
      <Filter>Header Files\View\Screens\MenuScreens</Filter>
    </ClInclude>
    <ClInclude Include="BaseButton.h">
      <Filter>Header Files\Controller</Filter>
    </ClInclude>
    <ClInclude Include="ToolFlint.h">
      <Filter>Header Files\Model\Item</Filter>
    </ClInclude>
    <ClInclude Include="ItemCampfire.h">
      <Filter>Header Files\Model\Item</Filter>
    </ClInclude>
    <ClInclude Include="GameTimer.h">
      <Filter>Header Files\Model\Timer</Filter>
    </ClInclude>
    <ClInclude Include="Crafting.h">
      <Filter>Header Files\Model\Item</Filter>
    </ClInclude>
    <ClInclude Include="Weapon.h">
      <Filter>Header Files\Model\Item</Filter>
    </ClInclude>
    <ClInclude Include="WeaponSpear.h">
      <Filter>Header Files\Model\Item</Filter>
    </ClInclude>
    <ClInclude Include="Campfire.h">
      <Filter>Header Files\Model\Entity\Static objects</Filter>
    </ClInclude>
    <ClInclude Include="AnimatingContainer.h">
      <Filter>Header Files\Model\Container\Entity</Filter>
    </ClInclude>
    <ClInclude Include="DestroyContainer.h">
      <Filter>Header Files\Model\Container\Entity</Filter>
    </ClInclude>
    <ClInclude Include="AnimatingEntity.h">
      <Filter>Header Files\Model\Entity</Filter>
    </ClInclude>
    <ClInclude Include="ItemFactory.h">
      <Filter>Header Files\Model\Factory</Filter>
    </ClInclude>
    <ClInclude Include="NPCFactory.h">
      <Filter>Header Files\Model\Factory</Filter>
    </ClInclude>
    <ClInclude Include="ObjectFactory.h">
      <Filter>Header Files\Model\Factory</Filter>
    </ClInclude>
    <ClInclude Include="Items.h">
      <Filter>Header Files\Model\Enums</Filter>
    </ClInclude>
    <ClInclude Include="StateType.h">
      <Filter>Header Files\Model\Enums</Filter>
    </ClInclude>
    <ClInclude Include="EnumDirection.h">
      <Filter>Header Files\Model\Enums</Filter>
    </ClInclude>
    <ClInclude Include="ContainerType.h">
      <Filter>Header Files\Model\Enums</Filter>
    </ClInclude>
    <ClInclude Include="Objects.h">
      <Filter>Header Files\Model\Enums</Filter>
    </ClInclude>
    <ClInclude Include="AnimationEnum.h">
      <Filter>Header Files\Model\Enums</Filter>
    </ClInclude>
    <ClInclude Include="MovementDirectionEnum.h">
      <Filter>Header Files\Model\Enums</Filter>
    </ClInclude>
    <ClInclude Include="AnimationType.h">
      <Filter>Header Files\Model\Enums</Filter>
    </ClInclude>
    <ClInclude Include="Wolf.h">
      <Filter>Header Files\Model\Entity\NPC%27s</Filter>
    </ClInclude>
    <ClInclude Include="ParticleTypes.h">
      <Filter>Header Files\Model\Enums</Filter>
    </ClInclude>
    <ClInclude Include="Particle.h">
      <Filter>Header Files\Model\ParticleEngine</Filter>
    </ClInclude>
    <ClInclude Include="ParticleEngine.h">
      <Filter>Header Files\Model\ParticleEngine</Filter>
    </ClInclude>
    <ClInclude Include="TreePine.h">
      <Filter>Header Files\Model\Entity\Interactive objects</Filter>
    </ClInclude>
    <ClInclude Include="TreeRound.h">
      <Filter>Header Files\Model\Entity\Interactive objects</Filter>
    </ClInclude>
    <ClInclude Include="IceRock.h">
      <Filter>Header Files\Model\Entity\Interactive objects</Filter>
    </ClInclude>
    <ClInclude Include="IceSpikes.h">
      <Filter>Header Files\Model\Entity\Interactive objects</Filter>
    </ClInclude>
    <ClInclude Include="InteractableCactusSmall.h">
      <Filter>Header Files\Model\Entity\Interactive objects</Filter>
    </ClInclude>
    <ClInclude Include="InteractableCactusBig.h">
      <Filter>Header Files\Model\Entity\Interactive objects</Filter>
    </ClInclude>
    <ClInclude Include="SnowTree.h">
      <Filter>Header Files\Model\Entity\Static objects</Filter>
    </ClInclude>
    <ClInclude Include="MenuHelpScreen.h">
      <Filter>Header Files\View\Screens\MenuScreens</Filter>
    </ClInclude>
    <ClInclude Include="BaseHelpScreen.h">
      <Filter>Header Files\View\Screens\HelpScreens</Filter>
    </ClInclude>
    <ClInclude Include="LightEntity.h">
      <Filter>Header Files\Model\Entity</Filter>
    </ClInclude>
    <ClInclude Include="LightContainer.h">
      <Filter>Header Files\Model\Container\Entity</Filter>
    </ClInclude>
    <ClInclude Include="NightLayer.h">
      <Filter>Header Files\View</Filter>
    </ClInclude>
    <ClInclude Include="ItemType.h">
      <Filter>Header Files\Model\Enums</Filter>
    </ClInclude>
    <ClInclude Include="DAYPART.h">
      <Filter>Header Files\Model\Enums</Filter>
    </ClInclude>
    <ClInclude Include="ToolGoldenAxe.h">
      <Filter>Header Files\Model\Item</Filter>
    </ClInclude>
    <ClInclude Include="ToolGoldenPickaxe.h">
      <Filter>Header Files\Model\Item</Filter>
    </ClInclude>
    <ClInclude Include="Scorpion.h">
      <Filter>Header Files\Model\Entity\NPC%27s</Filter>
    </ClInclude>
    <ClInclude Include="Overlays.h">
      <Filter>Header Files\Model\Enums</Filter>
    </ClInclude>
    <ClInclude Include="NPCType.h">
      <Filter>Header Files\Model\Enums</Filter>
    </ClInclude>
    <ClInclude Include="State.h">
      <Filter>Header Files\Model\Entity\State</Filter>
    </ClInclude>
    <ClInclude Include="WanderAround.h">
      <Filter>Header Files\Model\Entity\State</Filter>
    </ClInclude>
    <ClInclude Include="StateMachine.h">
      <Filter>Header Files\Model\Entity\State</Filter>
    </ClInclude>
    <ClInclude Include="AggressiveState.h">
      <Filter>Header Files\Model\Entity\State</Filter>
    </ClInclude>
    <ClInclude Include="BaseBehaviour.h">
      <Filter>Header Files\Model\Entity\Behaviour</Filter>
    </ClInclude>
    <ClInclude Include="AggressiveBehaviour.h">
      <Filter>Header Files\Model\Entity\Behaviour</Filter>
    </ClInclude>
    <ClInclude Include="DefensiveBehaviour.h">
      <Filter>Header Files\Model\Entity\Behaviour</Filter>
    </ClInclude>
    <ClInclude Include="EvasiveBehaviour.h">
      <Filter>Header Files\Model\Entity\Behaviour</Filter>
    </ClInclude>
    <ClInclude Include="AttackingNPC.h">
      <Filter>Header Files</Filter>
    </ClInclude>
    <ClInclude Include="FleeingState.h">
      <Filter>Header Files\Model\Entity\State</Filter>
    </ClInclude>
  </ItemGroup>
  <ItemGroup>
    <ClInclude Include="GameSaver.h">
      <Filter>Header Files\Model</Filter>
    </ClInclude>
    <ClInclude Include="ItemMeat.h">
      <Filter>Header Files\Model\Item</Filter>
    </ClInclude>
  </ItemGroup>
</Project>