<?xml version="1.0" encoding="utf-8"?>
<Project ToolsVersion="4.0" xmlns="http://schemas.microsoft.com/developer/msbuild/2003">
  <ItemGroup>
    <Filter Include="Source Files">
      <UniqueIdentifier>{4FC737F1-C7A5-4376-A066-2A32D752A2FF}</UniqueIdentifier>
      <Extensions>cpp;c;cc;cxx;def;odl;idl;hpj;bat;asm;asmx</Extensions>
    </Filter>
    <Filter Include="Header Files">
      <UniqueIdentifier>{93995380-89BD-4b04-88EB-625FBE52EBFB}</UniqueIdentifier>
      <Extensions>h;hpp;hxx;hm;inl;inc;xsd</Extensions>
    </Filter>
    <Filter Include="Resource Files">
      <UniqueIdentifier>{67DA6AB6-F800-4c08-8B7A-83BB121AAD01}</UniqueIdentifier>
      <Extensions>rc;ico;cur;bmp;dlg;rc2;rct;bin;rgs;gif;jpg;jpeg;jpe;resx;tiff;tif;png;wav;mfcribbon-ms</Extensions>
    </Filter>
    <Filter Include="Source Files\Main">
      <UniqueIdentifier>{adc6260e-7000-4688-9be8-d001fb1d3540}</UniqueIdentifier>
    </Filter>
    <Filter Include="Source Files\Model">
      <UniqueIdentifier>{bdf4650d-5d79-4a45-8f02-23d3766451b7}</UniqueIdentifier>
    </Filter>
    <Filter Include="Source Files\View">
      <UniqueIdentifier>{128c500c-faff-4688-859d-6ccce191e930}</UniqueIdentifier>
    </Filter>
    <Filter Include="Source Files\Controller">
      <UniqueIdentifier>{d0c2abea-4ffd-4ad3-838e-01122a2a4eba}</UniqueIdentifier>
    </Filter>
    <Filter Include="Source Files\Helper">
      <UniqueIdentifier>{383322d9-2b50-40fc-aae7-5de7a060350f}</UniqueIdentifier>
    </Filter>
    <Filter Include="Header Files\Main">
      <UniqueIdentifier>{f20ed5e7-c2b9-476f-aa22-80f50f6543b7}</UniqueIdentifier>
    </Filter>
    <Filter Include="Header Files\Controller">
      <UniqueIdentifier>{5250fe70-de46-4d1b-95ae-929716e7d67a}</UniqueIdentifier>
    </Filter>
    <Filter Include="Header Files\View">
      <UniqueIdentifier>{0eb53c1d-ce8b-4860-8f3e-5ec133c818fc}</UniqueIdentifier>
    </Filter>
    <Filter Include="Header Files\Helper">
      <UniqueIdentifier>{c840ca7c-a372-4f2b-9303-d9ed5475b080}</UniqueIdentifier>
    </Filter>
    <Filter Include="Source Files\Model\Entity">
      <UniqueIdentifier>{f7295384-109d-4821-9399-eae776c694dc}</UniqueIdentifier>
    </Filter>
    <Filter Include="Source Files\Model\GameState">
      <UniqueIdentifier>{e93a9f76-4a81-4201-bc87-81ecf97ce84c}</UniqueIdentifier>
    </Filter>
    <Filter Include="Header Files\View\Component">
      <UniqueIdentifier>{5b43c53c-206d-4ce0-a2dc-6ebb216fcbc0}</UniqueIdentifier>
    </Filter>
    <Filter Include="Source Files\View\Component">
      <UniqueIdentifier>{0fd01313-c957-43cd-a8e9-cac5499436a4}</UniqueIdentifier>
    </Filter>
    <Filter Include="Source Files\Model\Container">
      <UniqueIdentifier>{cba41278-beeb-41d5-a37b-1a5d073554c4}</UniqueIdentifier>
    </Filter>
    <Filter Include="Source Files\Model\Container\Action">
      <UniqueIdentifier>{2322b7c4-b167-4e97-8e37-016fcb33e5e5}</UniqueIdentifier>
    </Filter>
    <Filter Include="Source Files\Model\Container\Entity">
      <UniqueIdentifier>{7121e705-884e-4ed6-b9c0-fa27b1e71192}</UniqueIdentifier>
    </Filter>
    <Filter Include="Header Files\Model">
      <UniqueIdentifier>{b26bc471-f2e1-4332-a8a1-073a0de2e275}</UniqueIdentifier>
    </Filter>
    <Filter Include="Header Files\Model\Entity">
      <UniqueIdentifier>{2f1dc3b9-f3ca-4675-9c90-bda368bc2a00}</UniqueIdentifier>
    </Filter>
    <Filter Include="Header Files\Model\GameState">
      <UniqueIdentifier>{a9a7d415-def3-4751-8149-ddc8aecb45c1}</UniqueIdentifier>
    </Filter>
    <Filter Include="Header Files\Model\Container">
      <UniqueIdentifier>{b7925510-69d6-4bf3-807e-1d7601e0641e}</UniqueIdentifier>
    </Filter>
    <Filter Include="Header Files\Model\Container\Entity">
      <UniqueIdentifier>{f2069a62-88ca-43b1-8f5e-744792bb1e02}</UniqueIdentifier>
    </Filter>
    <Filter Include="Header Files\Model\Container\Action">
      <UniqueIdentifier>{54191da4-0698-409e-9ff2-9d0b73348b23}</UniqueIdentifier>
    </Filter>
    <Filter Include="Header Files\Model\Entity\Behaviour">
      <UniqueIdentifier>{88ee9c46-ab23-4645-acf7-c7244baaf062}</UniqueIdentifier>
    </Filter>
    <Filter Include="Source Files\Model\Entity\Behaviour">
      <UniqueIdentifier>{c23db13e-3987-4200-841e-0c722b6bf752}</UniqueIdentifier>
    </Filter>
    <Filter Include="Source Files\Model\Container\Tile">
      <UniqueIdentifier>{0b5bd2ae-4d0b-44bb-8038-82aae156ecd5}</UniqueIdentifier>
    </Filter>
    <Filter Include="Header Files\Model\Container\Tile">
      <UniqueIdentifier>{ddd9e1dc-147b-4b55-af41-a0b18b490747}</UniqueIdentifier>
    </Filter>
    <Filter Include="Source Files\Model\Item">
      <UniqueIdentifier>{097e5ade-cb4e-4841-9a10-36e47053f69c}</UniqueIdentifier>
    </Filter>
    <Filter Include="Header Files\Model\Item">
      <UniqueIdentifier>{e778ff3d-ea2e-4688-a957-eb24b2bef58a}</UniqueIdentifier>
    </Filter>
    <Filter Include="Header Files\Model\Entity\Items">
      <UniqueIdentifier>{17aec08f-41aa-4534-b019-097c25e25923}</UniqueIdentifier>
    </Filter>
    <Filter Include="Source Files\Model\Entity\Items">
      <UniqueIdentifier>{509ba93d-2b43-4b63-9033-f85328f65185}</UniqueIdentifier>
    </Filter>
    <Filter Include="Source Files\Model\Entity\Static objects">
      <UniqueIdentifier>{5d2ac97f-5936-43ca-bc5c-21c90b324f75}</UniqueIdentifier>
    </Filter>
    <Filter Include="Source Files\Model\Entity\Interactive objects">
      <UniqueIdentifier>{bd8f883e-e17e-40b0-9f26-50ed011c1969}</UniqueIdentifier>
    </Filter>
    <Filter Include="Header Files\Model\Entity\Static objects">
      <UniqueIdentifier>{3c6593c0-39ef-41a3-9efa-4f4da12f426a}</UniqueIdentifier>
    </Filter>
    <Filter Include="Header Files\Model\Entity\Interactive objects">
      <UniqueIdentifier>{c554fe2a-4530-460b-924e-19bcf4eb40a7}</UniqueIdentifier>
    </Filter>
    <Filter Include="Source Files\Model\PauseScreens">
      <UniqueIdentifier>{50d971a9-0485-4fa9-ba36-2b3e281a6378}</UniqueIdentifier>
    </Filter>
    <Filter Include="Header Files\Model\PauseScreen">
      <UniqueIdentifier>{2a950ad5-ee96-41ad-8440-bfe5fd53a722}</UniqueIdentifier>
    </Filter>
    <Filter Include="Source Files\Model\Entity\NPC%27s">
      <UniqueIdentifier>{28cb73eb-818c-45e9-a6c0-500822a6f071}</UniqueIdentifier>
    </Filter>
    <Filter Include="Header Files\Model\Entity\NPC%27s">
      <UniqueIdentifier>{7bd64597-9c5e-44ed-81f8-42b1e5754d12}</UniqueIdentifier>
    </Filter>
  </ItemGroup>
  <ItemGroup>
    <ClCompile Include="Main.cpp">
      <Filter>Source Files\Main</Filter>
    </ClCompile>
    <ClCompile Include="Game.cpp">
      <Filter>Source Files\Model</Filter>
    </ClCompile>
    <ClCompile Include="Entity.cpp">
      <Filter>Source Files\Model\Entity</Filter>
    </ClCompile>
    <ClCompile Include="Player.cpp">
      <Filter>Source Files\Model\Entity</Filter>
    </ClCompile>
    <ClCompile Include="NPC.cpp">
      <Filter>Source Files\Model\Entity</Filter>
    </ClCompile>
    <ClCompile Include="GameStateManager.cpp">
      <Filter>Source Files\Model\GameState</Filter>
    </ClCompile>
    <ClCompile Include="IGameState.cpp">
      <Filter>Source Files\Model\GameState</Filter>
    </ClCompile>
    <ClCompile Include="MenuState.cpp">
      <Filter>Source Files\Model\GameState</Filter>
    </ClCompile>
    <ClCompile Include="PlayState.cpp">
      <Filter>Source Files\Model\GameState</Filter>
    </ClCompile>
    <ClCompile Include="SDLInitializer.cpp">
      <Filter>Source Files\View</Filter>
    </ClCompile>
    <ClCompile Include="MapLoader.cpp">
      <Filter>Source Files\Controller</Filter>
    </ClCompile>
    <ClCompile Include="Button.cpp">
      <Filter>Source Files\View\Component</Filter>
    </ClCompile>
    <ClCompile Include="ActionContainer.cpp">
      <Filter>Source Files\Model\Container\Action</Filter>
    </ClCompile>
    <ClCompile Include="IEntityContainer.cpp">
      <Filter>Source Files\Model\Container\Entity</Filter>
    </ClCompile>
    <ClCompile Include="MainEntityContainer.cpp">
      <Filter>Source Files\Model\Container\Entity</Filter>
    </ClCompile>
    <ClCompile Include="IAction.cpp">
      <Filter>Source Files\Model\Container\Action</Filter>
    </ClCompile>
    <ClCompile Include="ClickAction.cpp">
      <Filter>Source Files\Model\Container\Action</Filter>
    </ClCompile>
    <ClCompile Include="MoveAction.cpp">
      <Filter>Source Files\Model\Container\Action</Filter>
    </ClCompile>
    <ClCompile Include="EnumDirection.cpp">
      <Filter>Source Files\Model\Container\Action</Filter>
    </ClCompile>
    <ClCompile Include="Aggressive.cpp">
      <Filter>Source Files\Model\Entity\Behaviour</Filter>
    </ClCompile>
    <ClCompile Include="Evasive.cpp">
      <Filter>Source Files\Model\Entity\Behaviour</Filter>
    </ClCompile>
    <ClCompile Include="Defensive.cpp">
      <Filter>Source Files\Model\Entity\Behaviour</Filter>
    </ClCompile>
    <ClCompile Include="ImageLoader.cpp">
      <Filter>Source Files\Model</Filter>
    </ClCompile>
    <ClCompile Include="Image.cpp">
      <Filter>Source Files\Model</Filter>
    </ClCompile>
    <ClCompile Include="Rabbit.cpp">
      <Filter>Source Files\Model\Entity\NPC%27s</Filter>
    </ClCompile>
    <ClCompile Include="Spawnpoint.cpp">
      <Filter>Source Files\Model\Entity</Filter>
    </ClCompile>
    <ClCompile Include="DrawableEntity.cpp">
      <Filter>Source Files\Model\Entity</Filter>
    </ClCompile>
    <ClCompile Include="DrawableContainer.cpp">
      <Filter>Source Files\Model\Container\Entity</Filter>
    </ClCompile>
    <ClCompile Include="Camera.cpp">
      <Filter>Source Files\View</Filter>
    </ClCompile>
    <ClCompile Include="CollidableContainer.cpp">
      <Filter>Source Files\Model\Container\Entity</Filter>
    </ClCompile>
    <ClCompile Include="ExitButton.cpp">
      <Filter>Source Files\View\Component</Filter>
    </ClCompile>
    <ClCompile Include="PlayButton.cpp">
      <Filter>Source Files\View\Component</Filter>
    </ClCompile>
    <ClCompile Include="BaseButton.cpp">
      <Filter>Source Files\Controller</Filter>
    </ClCompile>
    <ClCompile Include="PauseState.cpp">
      <Filter>Source Files\Model\GameState</Filter>
    </ClCompile>
    <ClCompile Include="SoundLoader.cpp">
      <Filter>Source Files\Controller</Filter>
    </ClCompile>
    <ClCompile Include="BackgroundContainer.cpp">
      <Filter>Source Files\Model\Container\Tile</Filter>
    </ClCompile>
    <ClCompile Include="CollidableEntity.cpp">
      <Filter>Source Files\Model\Entity</Filter>
    </ClCompile>
    <ClCompile Include="GameOverState.cpp">
      <Filter>Source Files\Model\GameState</Filter>
    </ClCompile>
    <ClCompile Include="BasePauzeButton.cpp">
      <Filter>Source Files\Controller</Filter>
    </ClCompile>
    <ClCompile Include="PauzeExitButton.cpp">
      <Filter>Source Files\View\Component</Filter>
    </ClCompile>
    <ClCompile Include="PauzeMenuButton.cpp">
      <Filter>Source Files\View\Component</Filter>
    </ClCompile>
    <ClCompile Include="EntityChunkContainer.cpp">
      <Filter>Source Files\Model\Container\Entity</Filter>
    </ClCompile>
    <ClCompile Include="SoundLoader.cpp">
      <Filter>Source Files\Model</Filter>
    </ClCompile>
    <ClCompile Include="InteractableEntity.cpp">
      <Filter>Source Files\Model\Entity</Filter>
    </ClCompile>
    <ClCompile Include="InteractableContainer.cpp">
      <Filter>Source Files\Model\Container\Entity</Filter>
    </ClCompile>
    <ClCompile Include="Inventory.cpp">
      <Filter>Source Files\Model\Item</Filter>
    </ClCompile>
    <ClCompile Include="Item.cpp">
      <Filter>Source Files\Model\Item</Filter>
    </ClCompile>
    <ClCompile Include="GameTimer.cpp">
      <Filter>Source Files\Model</Filter>
    </ClCompile>
    <ClCompile Include="DayTimeTimer.cpp">
      <Filter>Source Files</Filter>
    </ClCompile>
    <ClCompile Include="ItemCarrot.cpp">
      <Filter>Source Files\Model\Item</Filter>
    </ClCompile>
    <ClCompile Include="ItemRock.cpp">
      <Filter>Source Files\Model\Item</Filter>
    </ClCompile>
    <ClCompile Include="ItemWood.cpp">
      <Filter>Source Files\Model\Item</Filter>
    </ClCompile>
    <ClCompile Include="RespawnContainer.cpp">
      <Filter>Source Files\Model\Container\Entity</Filter>
    </ClCompile>
    <ClCompile Include="LoadingState.cpp">
      <Filter>Source Files\Model\GameState</Filter>
    </ClCompile>
    <ClCompile Include="Carrot.cpp">
      <Filter>Source Files\Model\Entity\Interactive objects</Filter>
    </ClCompile>
    <ClCompile Include="Tree.cpp">
      <Filter>Source Files\Model\Entity\Interactive objects</Filter>
    </ClCompile>
    <ClCompile Include="Rock.cpp">
      <Filter>Source Files\Model\Entity\Interactive objects</Filter>
    </ClCompile>
    <ClCompile Include="Tile.cpp">
      <Filter>Source Files\Model\Entity\Static objects</Filter>
    </ClCompile>
    <ClCompile Include="CollidableTile.cpp">
      <Filter>Source Files\Model\Entity\Static objects</Filter>
    </ClCompile>
    <ClCompile Include="Pillar.cpp">
      <Filter>Source Files\Model\Entity\Static objects</Filter>
    </ClCompile>
    <ClCompile Include="RuinStatue.cpp">
      <Filter>Source Files\Model\Entity\Static objects</Filter>
    </ClCompile>
    <ClCompile Include="AppleTree.cpp">
      <Filter>Source Files\Model\Entity\Interactive objects</Filter>
    </ClCompile>
    <ClCompile Include="Tool.cpp">
      <Filter>Source Files\Model\Item</Filter>
    </ClCompile>
    <ClCompile Include="ToolAxe.cpp">
      <Filter>Source Files\Model\Item</Filter>
    </ClCompile>
    <ClCompile Include="Consumable.cpp">
      <Filter>Source Files\Model\Item</Filter>
    </ClCompile>
    <ClCompile Include="Equipable.cpp">
      <Filter>Source Files\Model\Item</Filter>
    </ClCompile>
    <ClCompile Include="ToolPickaxe.cpp">
      <Filter>Source Files\Model\Item</Filter>
    </ClCompile>
    <ClCompile Include="Axe.cpp">
      <Filter>Source Files\Model\Entity\Items</Filter>
    </ClCompile>
    <ClCompile Include="Pickaxe.cpp">
      <Filter>Source Files\Model\Entity\Items</Filter>
    </ClCompile>
    <ClCompile Include="PauzeAchievementsButton.cpp">
      <Filter>Source Files\View\Component</Filter>
    </ClCompile>
    <ClCompile Include="PauzeResumeButton.cpp">
      <Filter>Source Files\View\Component</Filter>
    </ClCompile>
    <ClCompile Include="Wasp.cpp">
      <Filter>Source Files\Model\Entity\NPC%27s</Filter>
    </ClCompile>
    <ClCompile Include="MovableContainer.cpp">
      <Filter>Source Files\Model\Container\Entity</Filter>
    </ClCompile>
    <ClCompile Include="MovableEntity.cpp">
      <Filter>Source Files\Model\Entity</Filter>
    </ClCompile>
    <ClCompile Include="StatusTracker.cpp">
      <Filter>Source Files\Model</Filter>
    </ClCompile>
    <ClCompile Include="Achievement.cpp">
      <Filter>Source Files\Model</Filter>
    </ClCompile>
    <ClCompile Include="Tree.cpp">
      <Filter>Source Files\Model\Entity\Interactive objects</Filter>
    </ClCompile>
    <ClCompile Include="Rock.cpp">
      <Filter>Source Files\Model\Entity\Interactive objects</Filter>
    </ClCompile>
    <ClCompile Include="PauseMainScreen.cpp">
      <Filter>Source Files\Model\PauseScreens</Filter>
    </ClCompile>
    <ClCompile Include="PauseStatusTrackerScreen.cpp">
      <Filter>Source Files\Model\PauseScreens</Filter>
    </ClCompile>
    <ClCompile Include="SpawnpointContainer.cpp">
      <Filter>Source Files\Model\Container\Entity</Filter>
    </ClCompile>
    <ClCompile Include="NPCFactory.cpp">
      <Filter>Source Files\Model\Entity\NPC%27s</Filter>
    </ClCompile>
    <ClCompile Include="ItemFish.cpp">
      <Filter>Source Files\Model\Item</Filter>
    </ClCompile>
    <ClCompile Include="Fish.cpp">
      <Filter>Source Files\Model\Entity\Interactive objects</Filter>
    </ClCompile>
    <ClCompile Include="ItemFactory.cpp">
      <Filter>Source Files\Model\Item</Filter>
    </ClCompile>
  </ItemGroup>
  <ItemGroup>
    <ClInclude Include="header_loader.h">
      <Filter>Header Files\Main</Filter>
    </ClInclude>
    <ClInclude Include="Game.h">
      <Filter>Header Files\Model</Filter>
    </ClInclude>
    <ClInclude Include="Entity.h">
      <Filter>Header Files\Model\Entity</Filter>
    </ClInclude>
    <ClInclude Include="Player.h">
      <Filter>Header Files\Model\Entity</Filter>
    </ClInclude>
    <ClInclude Include="NPC.h">
      <Filter>Header Files\Model\Entity</Filter>
    </ClInclude>
    <ClInclude Include="GameStateManager.h">
      <Filter>Header Files\Model\GameState</Filter>
    </ClInclude>
    <ClInclude Include="IGameState.h">
      <Filter>Header Files\Model\GameState</Filter>
    </ClInclude>
    <ClInclude Include="MenuState.h">
      <Filter>Header Files\Model\GameState</Filter>
    </ClInclude>
    <ClInclude Include="PlayState.h">
      <Filter>Header Files\Model\GameState</Filter>
    </ClInclude>
    <ClInclude Include="SDLInitializer.h">
      <Filter>Header Files\View</Filter>
    </ClInclude>
    <ClInclude Include="MapLoader.h">
      <Filter>Header Files\Controller</Filter>
    </ClInclude>
    <ClInclude Include="Button.h">
      <Filter>Header Files\View\Component</Filter>
    </ClInclude>
    <ClInclude Include="ActionContainer.h">
      <Filter>Header Files\Model\Container\Action</Filter>
    </ClInclude>
    <ClInclude Include="IEntityContainer.h">
      <Filter>Header Files\Model\Container\Entity</Filter>
    </ClInclude>
    <ClInclude Include="MainEntityContainer.h">
      <Filter>Header Files\Model\Container\Entity</Filter>
    </ClInclude>
    <ClInclude Include="IAction.h">
      <Filter>Header Files\Model\Container\Action</Filter>
    </ClInclude>
    <ClInclude Include="ClickAction.h">
      <Filter>Header Files\Model\Container\Action</Filter>
    </ClInclude>
    <ClInclude Include="ContainerType.h">
      <Filter>Header Files\Model\Container\Entity</Filter>
    </ClInclude>
    <ClInclude Include="MoveAction.h">
      <Filter>Header Files\Model\Container\Action</Filter>
    </ClInclude>
    <ClInclude Include="EnumDirection.h">
      <Filter>Header Files\Model\Container\Action</Filter>
    </ClInclude>
    <ClInclude Include="Aggressive.h">
      <Filter>Header Files\Model\Entity\Behaviour</Filter>
    </ClInclude>
    <ClInclude Include="Defensive.h">
      <Filter>Header Files\Model\Entity\Behaviour</Filter>
    </ClInclude>
    <ClInclude Include="Evasive.h">
      <Filter>Header Files\Model\Entity\Behaviour</Filter>
    </ClInclude>
    <ClInclude Include="IBehaviour.h">
      <Filter>Header Files\Model\Entity\Behaviour</Filter>
    </ClInclude>
    <ClInclude Include="ImageLoader.h">
      <Filter>Header Files\Model</Filter>
    </ClInclude>
    <ClInclude Include="Image.h">
      <Filter>Header Files\Model</Filter>
    </ClInclude>
    <ClInclude Include="Rabbit.h">
      <Filter>Header Files\Model\Entity\NPC%27s</Filter>
    </ClInclude>
    <ClInclude Include="Spawnpoint.h">
      <Filter>Header Files\Model\Entity</Filter>
    </ClInclude>
    <ClInclude Include="DrawableEntity.h">
      <Filter>Header Files\Model\Entity</Filter>
    </ClInclude>
    <ClInclude Include="DrawableContainer.h">
      <Filter>Header Files\Model\Container\Entity</Filter>
    </ClInclude>
    <ClInclude Include="Camera.h">
      <Filter>Header Files\View</Filter>
    </ClInclude>
    <ClInclude Include="CollidableContainer.h">
      <Filter>Header Files\Model\Container\Entity</Filter>
    </ClInclude>
    <ClInclude Include="ExitButton.h">
      <Filter>Header Files\View\Component</Filter>
    </ClInclude>
    <ClInclude Include="PlayButton.h">
      <Filter>Header Files\View\Component</Filter>
    </ClInclude>
    <ClInclude Include="BaseButton.h">
      <Filter>Header Files\Controller</Filter>
    </ClInclude>
    <ClInclude Include="PauseState.h">
      <Filter>Header Files\Model\GameState</Filter>
    </ClInclude>
    <ClInclude Include="SoundLoader.h">
      <Filter>Header Files\Controller</Filter>
    </ClInclude>
    <ClInclude Include="BackgroundContainer.h">
      <Filter>Header Files\Model\Container\Tile</Filter>
    </ClInclude>
    <ClInclude Include="CollidableEntity.h">
      <Filter>Header Files\Model\Entity</Filter>
    </ClInclude>
    <ClInclude Include="GameOverState.h">
      <Filter>Header Files\Model\GameState</Filter>
    </ClInclude>
    <ClInclude Include="BasePauzeButton.h">
      <Filter>Header Files\Controller</Filter>
    </ClInclude>
    <ClInclude Include="PauzeExitButton.h">
      <Filter>Header Files\View\Component</Filter>
    </ClInclude>
    <ClInclude Include="PauzeMenuButton.h">
      <Filter>Header Files\View\Component</Filter>
    </ClInclude>
    <ClInclude Include="EntityChunkContainer.h">
      <Filter>Header Files\Model\Container\Entity</Filter>
    </ClInclude>
    <ClInclude Include="SoundLoader.h">
      <Filter>Header Files\Model</Filter>
    </ClInclude>
    <ClInclude Include="InteractableEntity.h">
      <Filter>Header Files\Model\Entity</Filter>
    </ClInclude>
    <ClInclude Include="InteractableContainer.h">
      <Filter>Header Files\Model\Container\Entity</Filter>
    </ClInclude>
    <ClInclude Include="Inventory.h">
      <Filter>Header Files\Model\Item</Filter>
    </ClInclude>
    <ClInclude Include="Item.h">
      <Filter>Header Files\Model\Item</Filter>
    </ClInclude>
    <ClInclude Include="ItemType.h">
      <Filter>Header Files\Model\Item</Filter>
    </ClInclude>
    <ClInclude Include="GameTimer.h">
      <Filter>Header Files\Model</Filter>
    </ClInclude>
    <ClInclude Include="DayTimeTimer.h">
      <Filter>Header Files</Filter>
    </ClInclude>
    <ClInclude Include="ItemCarrot.h">
      <Filter>Header Files\Model\Item</Filter>
    </ClInclude>
    <ClInclude Include="Items.h">
      <Filter>Header Files\Model\Item</Filter>
    </ClInclude>
    <ClInclude Include="ItemRock.h">
      <Filter>Header Files\Model\Item</Filter>
    </ClInclude>
    <ClInclude Include="ItemWood.h">
      <Filter>Header Files\Model\Item</Filter>
    </ClInclude>
    <ClInclude Include="RespawnContainer.h">
      <Filter>Header Files\Model\Container\Entity</Filter>
    </ClInclude>
    <ClInclude Include="LoadingState.h">
      <Filter>Header Files\Model\GameState</Filter>
    </ClInclude>
    <ClInclude Include="Tree.h">
      <Filter>Header Files\Model\Entity\Interactive objects</Filter>
    </ClInclude>
    <ClInclude Include="Rock.h">
      <Filter>Header Files\Model\Entity\Interactive objects</Filter>
    </ClInclude>
    <ClInclude Include="Carrot.h">
      <Filter>Header Files\Model\Entity\Interactive objects</Filter>
    </ClInclude>
    <ClInclude Include="Tile.h">
      <Filter>Header Files\Model\Entity\Static objects</Filter>
    </ClInclude>
    <ClInclude Include="CollidableTile.h">
      <Filter>Header Files\Model\Entity\Static objects</Filter>
    </ClInclude>
    <ClInclude Include="Pillar.h">
      <Filter>Header Files\Model\Entity\Static objects</Filter>
    </ClInclude>
    <ClInclude Include="RuinStatue.h">
      <Filter>Header Files\Model\Entity\Static objects</Filter>
    </ClInclude>
    <ClInclude Include="AppleTree.h">
      <Filter>Header Files\Model\Entity\Interactive objects</Filter>
    </ClInclude>
    <ClInclude Include="Tool.h">
      <Filter>Header Files\Model\Item</Filter>
    </ClInclude>
    <ClInclude Include="ToolAxe.h">
      <Filter>Header Files\Model\Item</Filter>
    </ClInclude>
    <ClInclude Include="Consumable.h">
      <Filter>Header Files\Model\Item</Filter>
    </ClInclude>
    <ClInclude Include="Equipable.h">
      <Filter>Header Files\Model\Item</Filter>
    </ClInclude>
    <ClInclude Include="ToolPickaxe.h">
      <Filter>Header Files\Model\Item</Filter>
    </ClInclude>
    <ClInclude Include="Axe.h">
      <Filter>Header Files\Model\Entity\Items</Filter>
    </ClInclude>
    <ClInclude Include="Pickaxe.h">
      <Filter>Header Files\Model\Entity\Items</Filter>
    </ClInclude>
    <ClInclude Include="PauzeAchievementsButton.h">
      <Filter>Header Files\View\Component</Filter>
    </ClInclude>
    <ClInclude Include="PauzeResumeButton.h">
      <Filter>Header Files\View\Component</Filter>
    </ClInclude>
    <ClInclude Include="Wasp.h">
      <Filter>Header Files\Model\Entity\NPC%27s</Filter>
    </ClInclude>
    <ClInclude Include="StateType.h">
      <Filter>Header Files\Model\GameState</Filter>
    </ClInclude>
    <ClInclude Include="MovableContainer.h">
      <Filter>Header Files\Model\Container\Entity</Filter>
    </ClInclude>
    <ClInclude Include="MovableEntity.h">
      <Filter>Header Files\Model\Entity</Filter>
    </ClInclude>
    <ClInclude Include="NPCFactory.h">
      <Filter>Header Files\Model\Entity\NPC%27s</Filter>
    </ClInclude>
    <ClInclude Include="StatusTracker.h">
      <Filter>Header Files\Model</Filter>
    </ClInclude>
    <ClInclude Include="Achievement.h">
      <Filter>Header Files\Model</Filter>
    </ClInclude>
    <ClInclude Include="Rock.h">
      <Filter>Header Files\Model\Entity\Interactive objects</Filter>
    </ClInclude>
    <ClInclude Include="Tree.h">
      <Filter>Header Files\Model\Entity\Interactive objects</Filter>
    </ClInclude>
    <ClInclude Include="PauseMainScreen.h">
      <Filter>Header Files\Model\PauseScreen</Filter>
    </ClInclude>
    <ClInclude Include="PauseStatusTrackerScreen.h">
      <Filter>Header Files\Model\PauseScreen</Filter>
    </ClInclude>
    <ClInclude Include="SpawnpointContainer.h">
      <Filter>Header Files\Model\Container\Entity</Filter>
    </ClInclude>
    <ClInclude Include="ItemFish.h">
      <Filter>Header Files\Model\Item</Filter>
    </ClInclude>
    <ClInclude Include="Fish.h">
      <Filter>Header Files\Model\Entity\Interactive objects</Filter>
    </ClInclude>
    <ClInclude Include="ItemFactory.h">
      <Filter>Header Files\Model\Item</Filter>
    </ClInclude>
  </ItemGroup>
</Project>