<?xml version="1.0" encoding="utf-8"?>
<Project ToolsVersion="4.0" xmlns="http://schemas.microsoft.com/developer/msbuild/2003">
  <ItemGroup>
    <Filter Include="Source Files">
      <UniqueIdentifier>{4FC737F1-C7A5-4376-A066-2A32D752A2FF}</UniqueIdentifier>
      <Extensions>cpp;c;cc;cxx;def;odl;idl;hpj;bat;asm;asmx</Extensions>
    </Filter>
    <Filter Include="Header Files">
      <UniqueIdentifier>{93995380-89BD-4b04-88EB-625FBE52EBFB}</UniqueIdentifier>
      <Extensions>h;hpp;hxx;hm;inl;inc;xsd</Extensions>
    </Filter>
    <Filter Include="Resource Files">
      <UniqueIdentifier>{67DA6AB6-F800-4c08-8B7A-83BB121AAD01}</UniqueIdentifier>
      <Extensions>rc;ico;cur;bmp;dlg;rc2;rct;bin;rgs;gif;jpg;jpeg;jpe;resx;tiff;tif;png;wav;mfcribbon-ms</Extensions>
    </Filter>
    <Filter Include="Source Files\Main">
      <UniqueIdentifier>{adc6260e-7000-4688-9be8-d001fb1d3540}</UniqueIdentifier>
    </Filter>
    <Filter Include="Source Files\Model">
      <UniqueIdentifier>{bdf4650d-5d79-4a45-8f02-23d3766451b7}</UniqueIdentifier>
    </Filter>
    <Filter Include="Source Files\View">
      <UniqueIdentifier>{128c500c-faff-4688-859d-6ccce191e930}</UniqueIdentifier>
    </Filter>
    <Filter Include="Source Files\Controller">
      <UniqueIdentifier>{d0c2abea-4ffd-4ad3-838e-01122a2a4eba}</UniqueIdentifier>
    </Filter>
    <Filter Include="Source Files\Helper">
      <UniqueIdentifier>{383322d9-2b50-40fc-aae7-5de7a060350f}</UniqueIdentifier>
    </Filter>
    <Filter Include="Header Files\Main">
      <UniqueIdentifier>{f20ed5e7-c2b9-476f-aa22-80f50f6543b7}</UniqueIdentifier>
    </Filter>
    <Filter Include="Header Files\Model">
      <UniqueIdentifier>{b26bc471-f2e1-4332-a8a1-073a0de2e275}</UniqueIdentifier>
    </Filter>
    <Filter Include="Header Files\Controller">
      <UniqueIdentifier>{5250fe70-de46-4d1b-95ae-929716e7d67a}</UniqueIdentifier>
    </Filter>
    <Filter Include="Header Files\View">
      <UniqueIdentifier>{0eb53c1d-ce8b-4860-8f3e-5ec133c818fc}</UniqueIdentifier>
    </Filter>
    <Filter Include="Header Files\Helper">
      <UniqueIdentifier>{c840ca7c-a372-4f2b-9303-d9ed5475b080}</UniqueIdentifier>
    </Filter>
    <Filter Include="Header Files\Model\Entity">
      <UniqueIdentifier>{2f1dc3b9-f3ca-4675-9c90-bda368bc2a00}</UniqueIdentifier>
    </Filter>
    <Filter Include="Source Files\Model\Entity">
      <UniqueIdentifier>{f7295384-109d-4821-9399-eae776c694dc}</UniqueIdentifier>
    </Filter>
    <Filter Include="Source Files\Model\GameState">
      <UniqueIdentifier>{e93a9f76-4a81-4201-bc87-81ecf97ce84c}</UniqueIdentifier>
    </Filter>
    <Filter Include="Header Files\Model\GameState">
      <UniqueIdentifier>{a9a7d415-def3-4751-8149-ddc8aecb45c1}</UniqueIdentifier>
    </Filter>
  </ItemGroup>
  <ItemGroup>
    <ClCompile Include="Main.cpp">
      <Filter>Source Files\Main</Filter>
    </ClCompile>
    <ClCompile Include="Game.cpp">
      <Filter>Source Files\Model</Filter>
    </ClCompile>
    <ClCompile Include="Entity.cpp">
      <Filter>Source Files\Model\Entity</Filter>
    </ClCompile>
    <ClCompile Include="IMovable.cpp">
      <Filter>Source Files\Model\Entity</Filter>
    </ClCompile>
    <ClCompile Include="Player.cpp">
      <Filter>Source Files\Model\Entity</Filter>
    </ClCompile>
    <ClCompile Include="IAggressive.cpp">
      <Filter>Source Files\Model\Entity</Filter>
    </ClCompile>
    <ClCompile Include="NPC.cpp">
      <Filter>Source Files\Model\Entity</Filter>
    </ClCompile>
    <ClCompile Include="GameStateManager.cpp">
      <Filter>Source Files\Model\GameState</Filter>
    </ClCompile>
    <ClCompile Include="IGameState.cpp">
      <Filter>Source Files\Model\GameState</Filter>
    </ClCompile>
    <ClCompile Include="MenuState.cpp">
      <Filter>Source Files\Model\GameState</Filter>
    </ClCompile>
    <ClCompile Include="PlayState.cpp">
      <Filter>Source Files\Model\GameState</Filter>
    </ClCompile>
    <ClCompile Include="SDLInitializer.cpp">
      <Filter>Source Files\View</Filter>
    </ClCompile>
    <ClCompile Include="MapLoader.cpp">
      <Filter>Source Files\Controller</Filter>
    </ClCompile>
    <ClCompile Include="ImageLoader.cpp">
      <Filter>Source Files</Filter>
    </ClCompile>
  </ItemGroup>
  <ItemGroup>
    <ClInclude Include="header_loader.h">
      <Filter>Header Files\Main</Filter>
    </ClInclude>
    <ClInclude Include="Game.h">
      <Filter>Header Files\Model</Filter>
    </ClInclude>
    <ClInclude Include="Entity.h">
      <Filter>Header Files\Model\Entity</Filter>
    </ClInclude>
    <ClInclude Include="IMovable.h">
      <Filter>Header Files\Model\Entity</Filter>
    </ClInclude>
    <ClInclude Include="Player.h">
      <Filter>Header Files\Model\Entity</Filter>
    </ClInclude>
    <ClInclude Include="IAggressive.h">
      <Filter>Header Files\Model\Entity</Filter>
    </ClInclude>
    <ClInclude Include="NPC.h">
      <Filter>Header Files\Model\Entity</Filter>
    </ClInclude>
    <ClInclude Include="GameStateManager.h">
      <Filter>Header Files\Model\GameState</Filter>
    </ClInclude>
    <ClInclude Include="IGameState.h">
      <Filter>Header Files\Model\GameState</Filter>
    </ClInclude>
    <ClInclude Include="MenuState.h">
      <Filter>Header Files\Model\GameState</Filter>
    </ClInclude>
    <ClInclude Include="PlayState.h">
      <Filter>Header Files\Model\GameState</Filter>
    </ClInclude>
    <ClInclude Include="SDLInitializer.h">
      <Filter>Header Files\View</Filter>
    </ClInclude>
    <ClInclude Include="MapLoader.h">
      <Filter>Header Files\Controller</Filter>
    </ClInclude>
    <ClInclude Include="ImageLoader.h">
      <Filter>Header Files</Filter>
    </ClInclude>
  </ItemGroup>
</Project>